
Microsoft Visual Studio Solution File, Format Version 12.00
# Visual Studio Version 17
VisualStudioVersion = 17.13.35931.197
MinimumVisualStudioVersion = 10.0.40219.1
Project("{FAE04EC0-301F-11D3-BF4B-00C04F79EFBC}") = "天一", "天一\天一.csproj", "{19AB8B9A-977E-40EA-94A9-D5A18E22347F}"
EndProject
Project("{FAE04EC0-301F-11D3-BF4B-00C04F79EFBC}") = "01变量", "01变量\01变量.csproj", "{50FBE656-A434-43D1-BDE9-D185A0B5B94D}"
EndProject
Project("{FAE04EC0-301F-11D3-BF4B-00C04F79EFBC}") = "02变量", "02变量\02变量.csproj", "{8BD6DD77-C024-4C3B-84B4-C7F57B63DBBE}"
EndProject
Project("{FAE04EC0-301F-11D3-BF4B-00C04F79EFBC}") = "03运算符", "03运算符\03运算符.csproj", "{0DE2E262-741B-4906-B4EE-48980A812497}"
EndProject
Project("{FAE04EC0-301F-11D3-BF4B-00C04F79EFBC}") = "04转义字符", "04转义字符\04转义字符.csproj", "{A6B90D0B-9681-4D4B-80AD-376DD7E5E0C1}"
EndProject
Project("{FAE04EC0-301F-11D3-BF4B-00C04F79EFBC}") = "05比较运算符", "05比较运算符\05比较运算符.csproj", "{20DF404E-53BF-4E97-8C0A-2157801D3195}"
EndProject
Project("{FAE04EC0-301F-11D3-BF4B-00C04F79EFBC}") = "0502值类型之间的转换", "0502值类型之间的转换\0502值类型之间的转换.csproj", "{6F803FEC-B400-4392-BC57-15C5118F2DF7}"
EndProject
Project("{FAE04EC0-301F-11D3-BF4B-00C04F79EFBC}") = "06值类型转换", "06值类型转换\06值类型转换.csproj", "{06368B4A-7E35-4388-9161-5D0FCC3D281B}"
EndProject
Project("{FAE04EC0-301F-11D3-BF4B-00C04F79EFBC}") = "07万能转换器", "07万能转换器\07万能转换器.csproj", "{BDD9998D-AC6D-46F4-9F58-87F670C1DF35}"
EndProject
Project("{FAE04EC0-301F-11D3-BF4B-00C04F79EFBC}") = "08条件判断", "08条件判断\08条件判断.csproj", "{1BCF2204-0526-4E6E-8B2E-CFF4C9B21933}"
EndProject
Project("{FAE04EC0-301F-11D3-BF4B-00C04F79EFBC}") = "09条件语句", "09条件语句\09条件语句.csproj", "{6F68A039-BCEF-4D4C-8505-D64C0E1F4984}"
EndProject
Project("{FAE04EC0-301F-11D3-BF4B-00C04F79EFBC}") = "10三元表达式", "10三元表达式\10三元表达式.csproj", "{836C9CD2-FCDC-4DAD-BECB-0F06FCD055B7}"
EndProject
Project("{FAE04EC0-301F-11D3-BF4B-00C04F79EFBC}") = "11条件分支语句", "11条件分支语句\11条件分支语句.csproj", "{35AB0AA2-9167-4F40-A675-B3AD89372FA8}"
EndProject
Project("{FAE04EC0-301F-11D3-BF4B-00C04F79EFBC}") = "12循环语句", "12循环语句\12循环语句.csproj", "{85CCB9D4-E1ED-4D84-BDA4-21F388E041F7}"
EndProject
Project("{FAE04EC0-301F-11D3-BF4B-00C04F79EFBC}") = "13循环的嵌套", "13循环的嵌套\13循环的嵌套.csproj", "{E8B9F2E0-54A7-41C3-951D-CFEE082BF110}"
EndProject
Project("{FAE04EC0-301F-11D3-BF4B-00C04F79EFBC}") = "14while循环", "14while循环\14while循环.csproj", "{440E766F-FA72-43B6-B7F6-3FF3CC8735D0}"
EndProject
Project("{FAE04EC0-301F-11D3-BF4B-00C04F79EFBC}") = "15do_while循环", "15do_while循环\15do_while循环.csproj", "{886991E6-2075-4AA4-9F33-870346A6A022}"
EndProject
Project("{FAE04EC0-301F-11D3-BF4B-00C04F79EFBC}") = "16字符串的处理", "16字符串的处理\16字符串的处理.csproj", "{73BAD3C4-3362-4650-9976-6C0F4AE2174C}"
EndProject
Project("{FAE04EC0-301F-11D3-BF4B-00C04F79EFBC}") = "18字符串的处理", "18字符串的处理\18字符串的处理.csproj", "{3BC1800C-6164-4A9B-9AC4-58F997E74757}"
EndProject
Project("{FAE04EC0-301F-11D3-BF4B-00C04F79EFBC}") = "19枚举", "19枚举\19枚举.csproj", "{144B18AD-D876-40D8-BDA9-BB3F9C5D7530}"
EndProject
Project("{FAE04EC0-301F-11D3-BF4B-00C04F79EFBC}") = "19常量", "19常量\19常量.csproj", "{AC7E94AA-F8BB-484A-918C-253FAF8493AE}"
EndProject
Project("{FAE04EC0-301F-11D3-BF4B-00C04F79EFBC}") = "20数组", "20数组\20数组.csproj", "{7173C641-E983-42BC-A294-89002619A48E}"
EndProject
Project("{FAE04EC0-301F-11D3-BF4B-00C04F79EFBC}") = "21引用数据类型", "21引用数据类型\21引用数据类型.csproj", "{AC124762-127A-408C-B0B0-BE0027F96497}"
EndProject
Project("{FAE04EC0-301F-11D3-BF4B-00C04F79EFBC}") = "22字符串分割", "22字符串分割\22字符串分割.csproj", "{F7AB4500-4A51-4B9C-91D9-CED870C0C042}"
EndProject
Project("{FAE04EC0-301F-11D3-BF4B-00C04F79EFBC}") = "00-23集合", "00-23集合\00-23集合.csproj", "{2328E2B4-8E65-4A59-84B1-B1C73E251725}"
EndProject
Project("{FAE04EC0-301F-11D3-BF4B-00C04F79EFBC}") = "23集合", "23集合\23集合.csproj", "{6E763C42-1193-471B-ACB4-18B771736D7A}"
EndProject
Project("{FAE04EC0-301F-11D3-BF4B-00C04F79EFBC}") = "24字典", "24字典\24字典.csproj", "{92556327-A759-4416-A6BC-25E210E56A07}"
EndProject
Project("{FAE04EC0-301F-11D3-BF4B-00C04F79EFBC}") = "25字典", "25字典\25字典.csproj", "{C3944107-6E05-40A4-9D1D-92EA0E5A39A1}"
EndProject
Project("{FAE04EC0-301F-11D3-BF4B-00C04F79EFBC}") = "26类01", "类\26类01.csproj", "{059AE258-D88B-4C72-9D4A-CB160467FF4E}"
EndProject
Project("{FAE04EC0-301F-11D3-BF4B-00C04F79EFBC}") = "26类02", "26类02\26类02.csproj", "{E6348F6C-77EC-4DA3-A080-D41DE63D9354}"
EndProject
Project("{FAE04EC0-301F-11D3-BF4B-00C04F79EFBC}") = "28类的方法", "28类的方法\28类的方法.csproj", "{00D0193D-D05F-4137-BE37-C4923B805C10}"
EndProject
Project("{FAE04EC0-301F-11D3-BF4B-00C04F79EFBC}") = "29类的方法02", "29类的方法02\29类的方法02.csproj", "{632D32F7-28C9-409F-A821-2735781AB4E3}"
EndProject
Project("{FAE04EC0-301F-11D3-BF4B-00C04F79EFBC}") = "30类的使用", "30类的使用\30类的使用.csproj", "{AADE6C17-59C0-4604-A697-4B1BFA64F088}"
EndProject
Project("{FAE04EC0-301F-11D3-BF4B-00C04F79EFBC}") = "000作业", "000作业\000作业.csproj", "{859B78B9-228B-409F-884E-68C17354291C}"
EndProject
Project("{FAE04EC0-301F-11D3-BF4B-00C04F79EFBC}") = "001作业", "001作业\001作业.csproj", "{53B71FCF-87A9-462A-AF91-E4531A54B592}"
EndProject
Project("{FAE04EC0-301F-11D3-BF4B-00C04F79EFBC}") = "31类的构造", "31类的构造\31类的构造.csproj", "{DB6EAC1B-E562-4BB0-AC2B-E9FB5AA9D5DD}"
EndProject
Project("{FAE04EC0-301F-11D3-BF4B-00C04F79EFBC}") = "32类的继承", "32类的继承\32类的继承.csproj", "{270AF7BF-DB43-4C4F-ACD6-440900D6C72F}"
EndProject
Global
	GlobalSection(SolutionConfigurationPlatforms) = preSolution
		Debug|Any CPU = Debug|Any CPU
		Release|Any CPU = Release|Any CPU
	EndGlobalSection
	GlobalSection(ProjectConfigurationPlatforms) = postSolution
		{19AB8B9A-977E-40EA-94A9-D5A18E22347F}.Debug|Any CPU.ActiveCfg = Debug|Any CPU
		{19AB8B9A-977E-40EA-94A9-D5A18E22347F}.Debug|Any CPU.Build.0 = Debug|Any CPU
		{19AB8B9A-977E-40EA-94A9-D5A18E22347F}.Release|Any CPU.ActiveCfg = Release|Any CPU
		{19AB8B9A-977E-40EA-94A9-D5A18E22347F}.Release|Any CPU.Build.0 = Release|Any CPU
		{50FBE656-A434-43D1-BDE9-D185A0B5B94D}.Debug|Any CPU.ActiveCfg = Debug|Any CPU
		{50FBE656-A434-43D1-BDE9-D185A0B5B94D}.Debug|Any CPU.Build.0 = Debug|Any CPU
		{50FBE656-A434-43D1-BDE9-D185A0B5B94D}.Release|Any CPU.ActiveCfg = Release|Any CPU
		{50FBE656-A434-43D1-BDE9-D185A0B5B94D}.Release|Any CPU.Build.0 = Release|Any CPU
		{8BD6DD77-C024-4C3B-84B4-C7F57B63DBBE}.Debug|Any CPU.ActiveCfg = Debug|Any CPU
		{8BD6DD77-C024-4C3B-84B4-C7F57B63DBBE}.Debug|Any CPU.Build.0 = Debug|Any CPU
		{8BD6DD77-C024-4C3B-84B4-C7F57B63DBBE}.Release|Any CPU.ActiveCfg = Release|Any CPU
		{8BD6DD77-C024-4C3B-84B4-C7F57B63DBBE}.Release|Any CPU.Build.0 = Release|Any CPU
		{0DE2E262-741B-4906-B4EE-48980A812497}.Debug|Any CPU.ActiveCfg = Debug|Any CPU
		{0DE2E262-741B-4906-B4EE-48980A812497}.Debug|Any CPU.Build.0 = Debug|Any CPU
		{0DE2E262-741B-4906-B4EE-48980A812497}.Release|Any CPU.ActiveCfg = Release|Any CPU
		{0DE2E262-741B-4906-B4EE-48980A812497}.Release|Any CPU.Build.0 = Release|Any CPU
		{A6B90D0B-9681-4D4B-80AD-376DD7E5E0C1}.Debug|Any CPU.ActiveCfg = Debug|Any CPU
		{A6B90D0B-9681-4D4B-80AD-376DD7E5E0C1}.Debug|Any CPU.Build.0 = Debug|Any CPU
		{A6B90D0B-9681-4D4B-80AD-376DD7E5E0C1}.Release|Any CPU.ActiveCfg = Release|Any CPU
		{A6B90D0B-9681-4D4B-80AD-376DD7E5E0C1}.Release|Any CPU.Build.0 = Release|Any CPU
		{20DF404E-53BF-4E97-8C0A-2157801D3195}.Debug|Any CPU.ActiveCfg = Debug|Any CPU
		{20DF404E-53BF-4E97-8C0A-2157801D3195}.Debug|Any CPU.Build.0 = Debug|Any CPU
		{20DF404E-53BF-4E97-8C0A-2157801D3195}.Release|Any CPU.ActiveCfg = Release|Any CPU
		{20DF404E-53BF-4E97-8C0A-2157801D3195}.Release|Any CPU.Build.0 = Release|Any CPU
		{6F803FEC-B400-4392-BC57-15C5118F2DF7}.Debug|Any CPU.ActiveCfg = Debug|Any CPU
		{6F803FEC-B400-4392-BC57-15C5118F2DF7}.Debug|Any CPU.Build.0 = Debug|Any CPU
		{6F803FEC-B400-4392-BC57-15C5118F2DF7}.Release|Any CPU.ActiveCfg = Release|Any CPU
		{6F803FEC-B400-4392-BC57-15C5118F2DF7}.Release|Any CPU.Build.0 = Release|Any CPU
		{06368B4A-7E35-4388-9161-5D0FCC3D281B}.Debug|Any CPU.ActiveCfg = Debug|Any CPU
		{06368B4A-7E35-4388-9161-5D0FCC3D281B}.Debug|Any CPU.Build.0 = Debug|Any CPU
		{06368B4A-7E35-4388-9161-5D0FCC3D281B}.Release|Any CPU.ActiveCfg = Release|Any CPU
		{06368B4A-7E35-4388-9161-5D0FCC3D281B}.Release|Any CPU.Build.0 = Release|Any CPU
		{BDD9998D-AC6D-46F4-9F58-87F670C1DF35}.Debug|Any CPU.ActiveCfg = Debug|Any CPU
		{BDD9998D-AC6D-46F4-9F58-87F670C1DF35}.Debug|Any CPU.Build.0 = Debug|Any CPU
		{BDD9998D-AC6D-46F4-9F58-87F670C1DF35}.Release|Any CPU.ActiveCfg = Release|Any CPU
		{BDD9998D-AC6D-46F4-9F58-87F670C1DF35}.Release|Any CPU.Build.0 = Release|Any CPU
		{1BCF2204-0526-4E6E-8B2E-CFF4C9B21933}.Debug|Any CPU.ActiveCfg = Debug|Any CPU
		{1BCF2204-0526-4E6E-8B2E-CFF4C9B21933}.Debug|Any CPU.Build.0 = Debug|Any CPU
		{1BCF2204-0526-4E6E-8B2E-CFF4C9B21933}.Release|Any CPU.ActiveCfg = Release|Any CPU
		{1BCF2204-0526-4E6E-8B2E-CFF4C9B21933}.Release|Any CPU.Build.0 = Release|Any CPU
		{6F68A039-BCEF-4D4C-8505-D64C0E1F4984}.Debug|Any CPU.ActiveCfg = Debug|Any CPU
		{6F68A039-BCEF-4D4C-8505-D64C0E1F4984}.Debug|Any CPU.Build.0 = Debug|Any CPU
		{6F68A039-BCEF-4D4C-8505-D64C0E1F4984}.Release|Any CPU.ActiveCfg = Release|Any CPU
		{6F68A039-BCEF-4D4C-8505-D64C0E1F4984}.Release|Any CPU.Build.0 = Release|Any CPU
		{836C9CD2-FCDC-4DAD-BECB-0F06FCD055B7}.Debug|Any CPU.ActiveCfg = Debug|Any CPU
		{836C9CD2-FCDC-4DAD-BECB-0F06FCD055B7}.Debug|Any CPU.Build.0 = Debug|Any CPU
		{836C9CD2-FCDC-4DAD-BECB-0F06FCD055B7}.Release|Any CPU.ActiveCfg = Release|Any CPU
		{836C9CD2-FCDC-4DAD-BECB-0F06FCD055B7}.Release|Any CPU.Build.0 = Release|Any CPU
		{35AB0AA2-9167-4F40-A675-B3AD89372FA8}.Debug|Any CPU.ActiveCfg = Debug|Any CPU
		{35AB0AA2-9167-4F40-A675-B3AD89372FA8}.Debug|Any CPU.Build.0 = Debug|Any CPU
		{35AB0AA2-9167-4F40-A675-B3AD89372FA8}.Release|Any CPU.ActiveCfg = Release|Any CPU
		{35AB0AA2-9167-4F40-A675-B3AD89372FA8}.Release|Any CPU.Build.0 = Release|Any CPU
		{85CCB9D4-E1ED-4D84-BDA4-21F388E041F7}.Debug|Any CPU.ActiveCfg = Debug|Any CPU
		{85CCB9D4-E1ED-4D84-BDA4-21F388E041F7}.Debug|Any CPU.Build.0 = Debug|Any CPU
		{85CCB9D4-E1ED-4D84-BDA4-21F388E041F7}.Release|Any CPU.ActiveCfg = Release|Any CPU
		{85CCB9D4-E1ED-4D84-BDA4-21F388E041F7}.Release|Any CPU.Build.0 = Release|Any CPU
		{E8B9F2E0-54A7-41C3-951D-CFEE082BF110}.Debug|Any CPU.ActiveCfg = Debug|Any CPU
		{E8B9F2E0-54A7-41C3-951D-CFEE082BF110}.Debug|Any CPU.Build.0 = Debug|Any CPU
		{E8B9F2E0-54A7-41C3-951D-CFEE082BF110}.Release|Any CPU.ActiveCfg = Release|Any CPU
		{E8B9F2E0-54A7-41C3-951D-CFEE082BF110}.Release|Any CPU.Build.0 = Release|Any CPU
		{440E766F-FA72-43B6-B7F6-3FF3CC8735D0}.Debug|Any CPU.ActiveCfg = Debug|Any CPU
		{440E766F-FA72-43B6-B7F6-3FF3CC8735D0}.Debug|Any CPU.Build.0 = Debug|Any CPU
		{440E766F-FA72-43B6-B7F6-3FF3CC8735D0}.Release|Any CPU.ActiveCfg = Release|Any CPU
		{440E766F-FA72-43B6-B7F6-3FF3CC8735D0}.Release|Any CPU.Build.0 = Release|Any CPU
		{886991E6-2075-4AA4-9F33-870346A6A022}.Debug|Any CPU.ActiveCfg = Debug|Any CPU
		{886991E6-2075-4AA4-9F33-870346A6A022}.Debug|Any CPU.Build.0 = Debug|Any CPU
		{886991E6-2075-4AA4-9F33-870346A6A022}.Release|Any CPU.ActiveCfg = Release|Any CPU
		{886991E6-2075-4AA4-9F33-870346A6A022}.Release|Any CPU.Build.0 = Release|Any CPU
		{73BAD3C4-3362-4650-9976-6C0F4AE2174C}.Debug|Any CPU.ActiveCfg = Debug|Any CPU
		{73BAD3C4-3362-4650-9976-6C0F4AE2174C}.Debug|Any CPU.Build.0 = Debug|Any CPU
		{73BAD3C4-3362-4650-9976-6C0F4AE2174C}.Release|Any CPU.ActiveCfg = Release|Any CPU
		{73BAD3C4-3362-4650-9976-6C0F4AE2174C}.Release|Any CPU.Build.0 = Release|Any CPU
		{3BC1800C-6164-4A9B-9AC4-58F997E74757}.Debug|Any CPU.ActiveCfg = Debug|Any CPU
		{3BC1800C-6164-4A9B-9AC4-58F997E74757}.Debug|Any CPU.Build.0 = Debug|Any CPU
		{3BC1800C-6164-4A9B-9AC4-58F997E74757}.Release|Any CPU.ActiveCfg = Release|Any CPU
		{3BC1800C-6164-4A9B-9AC4-58F997E74757}.Release|Any CPU.Build.0 = Release|Any CPU
		{144B18AD-D876-40D8-BDA9-BB3F9C5D7530}.Debug|Any CPU.ActiveCfg = Debug|Any CPU
		{144B18AD-D876-40D8-BDA9-BB3F9C5D7530}.Debug|Any CPU.Build.0 = Debug|Any CPU
		{144B18AD-D876-40D8-BDA9-BB3F9C5D7530}.Release|Any CPU.ActiveCfg = Release|Any CPU
		{144B18AD-D876-40D8-BDA9-BB3F9C5D7530}.Release|Any CPU.Build.0 = Release|Any CPU
		{AC7E94AA-F8BB-484A-918C-253FAF8493AE}.Debug|Any CPU.ActiveCfg = Debug|Any CPU
		{AC7E94AA-F8BB-484A-918C-253FAF8493AE}.Debug|Any CPU.Build.0 = Debug|Any CPU
		{AC7E94AA-F8BB-484A-918C-253FAF8493AE}.Release|Any CPU.ActiveCfg = Release|Any CPU
		{AC7E94AA-F8BB-484A-918C-253FAF8493AE}.Release|Any CPU.Build.0 = Release|Any CPU
		{7173C641-E983-42BC-A294-89002619A48E}.Debug|Any CPU.ActiveCfg = Debug|Any CPU
		{7173C641-E983-42BC-A294-89002619A48E}.Debug|Any CPU.Build.0 = Debug|Any CPU
		{7173C641-E983-42BC-A294-89002619A48E}.Release|Any CPU.ActiveCfg = Release|Any CPU
		{7173C641-E983-42BC-A294-89002619A48E}.Release|Any CPU.Build.0 = Release|Any CPU
		{AC124762-127A-408C-B0B0-BE0027F96497}.Debug|Any CPU.ActiveCfg = Debug|Any CPU
		{AC124762-127A-408C-B0B0-BE0027F96497}.Debug|Any CPU.Build.0 = Debug|Any CPU
		{AC124762-127A-408C-B0B0-BE0027F96497}.Release|Any CPU.ActiveCfg = Release|Any CPU
		{AC124762-127A-408C-B0B0-BE0027F96497}.Release|Any CPU.Build.0 = Release|Any CPU
		{F7AB4500-4A51-4B9C-91D9-CED870C0C042}.Debug|Any CPU.ActiveCfg = Debug|Any CPU
		{F7AB4500-4A51-4B9C-91D9-CED870C0C042}.Debug|Any CPU.Build.0 = Debug|Any CPU
		{F7AB4500-4A51-4B9C-91D9-CED870C0C042}.Release|Any CPU.ActiveCfg = Release|Any CPU
		{F7AB4500-4A51-4B9C-91D9-CED870C0C042}.Release|Any CPU.Build.0 = Release|Any CPU
		{2328E2B4-8E65-4A59-84B1-B1C73E251725}.Debug|Any CPU.ActiveCfg = Debug|Any CPU
		{2328E2B4-8E65-4A59-84B1-B1C73E251725}.Debug|Any CPU.Build.0 = Debug|Any CPU
		{2328E2B4-8E65-4A59-84B1-B1C73E251725}.Release|Any CPU.ActiveCfg = Release|Any CPU
		{2328E2B4-8E65-4A59-84B1-B1C73E251725}.Release|Any CPU.Build.0 = Release|Any CPU
		{6E763C42-1193-471B-ACB4-18B771736D7A}.Debug|Any CPU.ActiveCfg = Debug|Any CPU
		{6E763C42-1193-471B-ACB4-18B771736D7A}.Debug|Any CPU.Build.0 = Debug|Any CPU
		{6E763C42-1193-471B-ACB4-18B771736D7A}.Release|Any CPU.ActiveCfg = Release|Any CPU
		{6E763C42-1193-471B-ACB4-18B771736D7A}.Release|Any CPU.Build.0 = Release|Any CPU
		{92556327-A759-4416-A6BC-25E210E56A07}.Debug|Any CPU.ActiveCfg = Debug|Any CPU
		{92556327-A759-4416-A6BC-25E210E56A07}.Debug|Any CPU.Build.0 = Debug|Any CPU
		{92556327-A759-4416-A6BC-25E210E56A07}.Release|Any CPU.ActiveCfg = Release|Any CPU
		{92556327-A759-4416-A6BC-25E210E56A07}.Release|Any CPU.Build.0 = Release|Any CPU
		{C3944107-6E05-40A4-9D1D-92EA0E5A39A1}.Debug|Any CPU.ActiveCfg = Debug|Any CPU
		{C3944107-6E05-40A4-9D1D-92EA0E5A39A1}.Debug|Any CPU.Build.0 = Debug|Any CPU
		{C3944107-6E05-40A4-9D1D-92EA0E5A39A1}.Release|Any CPU.ActiveCfg = Release|Any CPU
		{C3944107-6E05-40A4-9D1D-92EA0E5A39A1}.Release|Any CPU.Build.0 = Release|Any CPU
		{059AE258-D88B-4C72-9D4A-CB160467FF4E}.Debug|Any CPU.ActiveCfg = Debug|Any CPU
		{059AE258-D88B-4C72-9D4A-CB160467FF4E}.Debug|Any CPU.Build.0 = Debug|Any CPU
		{059AE258-D88B-4C72-9D4A-CB160467FF4E}.Release|Any CPU.ActiveCfg = Release|Any CPU
		{059AE258-D88B-4C72-9D4A-CB160467FF4E}.Release|Any CPU.Build.0 = Release|Any CPU
		{E6348F6C-77EC-4DA3-A080-D41DE63D9354}.Debug|Any CPU.ActiveCfg = Debug|Any CPU
		{E6348F6C-77EC-4DA3-A080-D41DE63D9354}.Debug|Any CPU.Build.0 = Debug|Any CPU
		{E6348F6C-77EC-4DA3-A080-D41DE63D9354}.Release|Any CPU.ActiveCfg = Release|Any CPU
		{E6348F6C-77EC-4DA3-A080-D41DE63D9354}.Release|Any CPU.Build.0 = Release|Any CPU
		{00D0193D-D05F-4137-BE37-C4923B805C10}.Debug|Any CPU.ActiveCfg = Debug|Any CPU
		{00D0193D-D05F-4137-BE37-C4923B805C10}.Debug|Any CPU.Build.0 = Debug|Any CPU
		{00D0193D-D05F-4137-BE37-C4923B805C10}.Release|Any CPU.ActiveCfg = Release|Any CPU
		{00D0193D-D05F-4137-BE37-C4923B805C10}.Release|Any CPU.Build.0 = Release|Any CPU
		{632D32F7-28C9-409F-A821-2735781AB4E3}.Debug|Any CPU.ActiveCfg = Debug|Any CPU
		{632D32F7-28C9-409F-A821-2735781AB4E3}.Debug|Any CPU.Build.0 = Debug|Any CPU
		{632D32F7-28C9-409F-A821-2735781AB4E3}.Release|Any CPU.ActiveCfg = Release|Any CPU
		{632D32F7-28C9-409F-A821-2735781AB4E3}.Release|Any CPU.Build.0 = Release|Any CPU
		{AADE6C17-59C0-4604-A697-4B1BFA64F088}.Debug|Any CPU.ActiveCfg = Debug|Any CPU
		{AADE6C17-59C0-4604-A697-4B1BFA64F088}.Debug|Any CPU.Build.0 = Debug|Any CPU
		{AADE6C17-59C0-4604-A697-4B1BFA64F088}.Release|Any CPU.ActiveCfg = Release|Any CPU
		{AADE6C17-59C0-4604-A697-4B1BFA64F088}.Release|Any CPU.Build.0 = Release|Any CPU
		{859B78B9-228B-409F-884E-68C17354291C}.Debug|Any CPU.ActiveCfg = Debug|Any CPU
		{859B78B9-228B-409F-884E-68C17354291C}.Debug|Any CPU.Build.0 = Debug|Any CPU
		{859B78B9-228B-409F-884E-68C17354291C}.Release|Any CPU.ActiveCfg = Release|Any CPU
		{859B78B9-228B-409F-884E-68C17354291C}.Release|Any CPU.Build.0 = Release|Any CPU
		{53B71FCF-87A9-462A-AF91-E4531A54B592}.Debug|Any CPU.ActiveCfg = Debug|Any CPU
		{53B71FCF-87A9-462A-AF91-E4531A54B592}.Debug|Any CPU.Build.0 = Debug|Any CPU
		{53B71FCF-87A9-462A-AF91-E4531A54B592}.Release|Any CPU.ActiveCfg = Release|Any CPU
		{53B71FCF-87A9-462A-AF91-E4531A54B592}.Release|Any CPU.Build.0 = Release|Any CPU
		{DB6EAC1B-E562-4BB0-AC2B-E9FB5AA9D5DD}.Debug|Any CPU.ActiveCfg = Debug|Any CPU
		{DB6EAC1B-E562-4BB0-AC2B-E9FB5AA9D5DD}.Debug|Any CPU.Build.0 = Debug|Any CPU
		{DB6EAC1B-E562-4BB0-AC2B-E9FB5AA9D5DD}.Release|Any CPU.ActiveCfg = Release|Any CPU
		{DB6EAC1B-E562-4BB0-AC2B-E9FB5AA9D5DD}.Release|Any CPU.Build.0 = Release|Any CPU
		{270AF7BF-DB43-4C4F-ACD6-440900D6C72F}.Debug|Any CPU.ActiveCfg = Debug|Any CPU
		{270AF7BF-DB43-4C4F-ACD6-440900D6C72F}.Debug|Any CPU.Build.0 = Debug|Any CPU
		{270AF7BF-DB43-4C4F-ACD6-440900D6C72F}.Release|Any CPU.ActiveCfg = Release|Any CPU
		{270AF7BF-DB43-4C4F-ACD6-440900D6C72F}.Release|Any CPU.Build.0 = Release|Any CPU
	EndGlobalSection
	GlobalSection(SolutionProperties) = preSolution
		HideSolutionNode = FALSE
	EndGlobalSection
	GlobalSection(ExtensibilityGlobals) = postSolution
		SolutionGuid = {78509756-6562-44E7-B10F-54E6DE8D707D}
	EndGlobalSection
EndGlobal
